<?xml version="1.0" encoding="UTF-8" standalone="yes" ?>
<CodeBlocks_project_file>
	<FileVersion major="1" minor="6" />
	<Project>
		<Option title="libstdcow" />
		<Option pch_mode="2" />
		<Option compiler="gcc" />
		<Build>
			<Target title="Debug">
				<Option output="bin/Debug/libstdcow" prefix_auto="1" extension_auto="1" />
				<Option working_dir="../../../../../../../../Desktop" />
				<Option object_output="obj/Debug/" />
				<Option type="1" />
				<Option compiler="gcc" />
				<Compiler>
					<Add option="-g" />
					<Add directory="../include" />
				</Compiler>
			</Target>
		</Build>
		<Compiler>
			<Add option="-std=c++11" />
			<Add option="-Wall" />
		</Compiler>
		<Unit filename="../include/cowassert.h" />
		<Unit filename="../include/cowfile.h" />
		<Unit filename="../include/cowlog.h" />
		<Unit filename="../include/cowmalloc.h" />
		<Unit filename="../include/cowpath.h" />
		<Unit filename="../include/cowstr.h" />
		<Unit filename="../include/stdcow.h" />
		<Unit filename="../src/cowassert.c">
			<Option compilerVar="CC" />
		</Unit>
		<Unit filename="../src/cowfile.c">
			<Option compilerVar="CC" />
		</Unit>
		<Unit filename="../src/cowlog.c">
			<Option compilerVar="CC" />
		</Unit>
		<Unit filename="../src/cowmalloc.c">
			<Option compilerVar="CC" />
		</Unit>
		<Unit filename="../src/cowpath.c">
			<Option compilerVar="CC" />
		</Unit>
		<Unit filename="../src/cowstr.c">
			<Option compilerVar="CC" />
		</Unit>
		<Unit filename="../src/stdcow.c">
			<Option compilerVar="CC" />
		</Unit>
		<Unit filename="../test/main.c">
			<Option compilerVar="CC" />
		</Unit>
		<Extensions>
			<code_completion />
			<debugger />
		</Extensions>
	</Project>
</CodeBlocks_project_file>
